# This file is automatically @generated by Cargo.
# It is not intended for manual editing.
version = 3

[[package]]
name = "array-data-structures"
version = "0.1.0"

[[package]]
name = "bubble-sort"
version = "0.1.0"

[[package]]
name = "build-comples-structures-with-struct-and-enum"
version = "0.1.0"

[[package]]
name = "fibonacci-sequence"
version = "0.1.0"

[[package]]
name = "insertion-sort"
version = "0.1.0"

[[package]]
name = "looping-mechanisms-in-iterators"
version = "0.1.0"

[[package]]
name = "mutability-variables-copying-and-cloning"
version = "0.1.0"

[[package]]
name = "own-memory-on-the-heap-with-box-string-and-vectors"
version = "0.1.0"

[[package]]
name = "quick-sort"
version = "0.1.0"

[[package]]
name = "results-and-options"
version = "0.1.0"

[[package]]
name = "selection-sort"
version = "0.1.0"

[[package]]
name = "stack-data-structures"
version = "0.1.0"

[[package]]
name = "use-memory-effectively-with-pointers-and-lifetimes"
version = "0.1.0"
